
Microsoft Visual Studio Solution File, Format Version 12.00
# Visual Studio Version 16
VisualStudioVersion = 16.0.30011.22
MinimumVisualStudioVersion = 10.0.40219.1
Project("{FAE04EC0-301F-11D3-BF4B-00C04F79EFBC}") = "CedesistemasApp.UWP", "CedesistemasApp\CedesistemasApp.UWP\CedesistemasApp.UWP.csproj", "{CE9FC617-06F9-4502-94F3-AF53D05D3726}"
EndProject
Project("{FAE04EC0-301F-11D3-BF4B-00C04F79EFBC}") = "CedesistemasApp.Android", "CedesistemasApp\CedesistemasApp.Android\CedesistemasApp.Android.csproj", "{AA541320-AFB6-4679-8CE3-2B5DE84295C8}"
EndProject
Project("{FAE04EC0-301F-11D3-BF4B-00C04F79EFBC}") = "CedesistemasApp.iOS", "CedesistemasApp\CedesistemasApp.iOS\CedesistemasApp.iOS.csproj", "{3D728D54-5BE0-4BE1-A560-0B48B1F94697}"
EndProject
Project("{FAE04EC0-301F-11D3-BF4B-00C04F79EFBC}") = "CedesistemasApp", "CedesistemasApp\CedesistemasApp\CedesistemasApp.csproj", "{AECB600F-102E-4F3F-B4D3-9096C6BC4D4D}"
EndProject
Global
	GlobalSection(SolutionConfigurationPlatforms) = preSolution
		Debug|Any CPU = Debug|Any CPU
		Debug|ARM = Debug|ARM
		Debug|iPhone = Debug|iPhone
		Debug|iPhoneSimulator = Debug|iPhoneSimulator
		Debug|x64 = Debug|x64
		Debug|x86 = Debug|x86
		Release|Any CPU = Release|Any CPU
		Release|ARM = Release|ARM
		Release|iPhone = Release|iPhone
		Release|iPhoneSimulator = Release|iPhoneSimulator
		Release|x64 = Release|x64
		Release|x86 = Release|x86
	EndGlobalSection
	GlobalSection(ProjectConfigurationPlatforms) = postSolution
		{CE9FC617-06F9-4502-94F3-AF53D05D3726}.Debug|Any CPU.ActiveCfg = Debug|x86
		{CE9FC617-06F9-4502-94F3-AF53D05D3726}.Debug|Any CPU.Build.0 = Debug|x86
		{CE9FC617-06F9-4502-94F3-AF53D05D3726}.Debug|Any CPU.Deploy.0 = Debug|x86
		{CE9FC617-06F9-4502-94F3-AF53D05D3726}.Debug|ARM.ActiveCfg = Debug|ARM
		{CE9FC617-06F9-4502-94F3-AF53D05D3726}.Debug|ARM.Build.0 = Debug|ARM
		{CE9FC617-06F9-4502-94F3-AF53D05D3726}.Debug|ARM.Deploy.0 = Debug|ARM
		{CE9FC617-06F9-4502-94F3-AF53D05D3726}.Debug|iPhone.ActiveCfg = Debug|x86
		{CE9FC617-06F9-4502-94F3-AF53D05D3726}.Debug|iPhone.Build.0 = Debug|x86
		{CE9FC617-06F9-4502-94F3-AF53D05D3726}.Debug|iPhone.Deploy.0 = Debug|x86
		{CE9FC617-06F9-4502-94F3-AF53D05D3726}.Debug|iPhoneSimulator.ActiveCfg = Debug|x86
		{CE9FC617-06F9-4502-94F3-AF53D05D3726}.Debug|iPhoneSimulator.Build.0 = Debug|x86
		{CE9FC617-06F9-4502-94F3-AF53D05D3726}.Debug|iPhoneSimulator.Deploy.0 = Debug|x86
		{CE9FC617-06F9-4502-94F3-AF53D05D3726}.Debug|x64.ActiveCfg = Debug|x64
		{CE9FC617-06F9-4502-94F3-AF53D05D3726}.Debug|x64.Build.0 = Debug|x64
		{CE9FC617-06F9-4502-94F3-AF53D05D3726}.Debug|x64.Deploy.0 = Debug|x64
		{CE9FC617-06F9-4502-94F3-AF53D05D3726}.Debug|x86.ActiveCfg = Debug|x86
		{CE9FC617-06F9-4502-94F3-AF53D05D3726}.Debug|x86.Build.0 = Debug|x86
		{CE9FC617-06F9-4502-94F3-AF53D05D3726}.Debug|x86.Deploy.0 = Debug|x86
		{CE9FC617-06F9-4502-94F3-AF53D05D3726}.Release|Any CPU.ActiveCfg = Release|x86
		{CE9FC617-06F9-4502-94F3-AF53D05D3726}.Release|Any CPU.Build.0 = Release|x86
		{CE9FC617-06F9-4502-94F3-AF53D05D3726}.Release|Any CPU.Deploy.0 = Release|x86
		{CE9FC617-06F9-4502-94F3-AF53D05D3726}.Release|ARM.ActiveCfg = Release|ARM
		{CE9FC617-06F9-4502-94F3-AF53D05D3726}.Release|ARM.Build.0 = Release|ARM
		{CE9FC617-06F9-4502-94F3-AF53D05D3726}.Release|ARM.Deploy.0 = Release|ARM
		{CE9FC617-06F9-4502-94F3-AF53D05D3726}.Release|iPhone.ActiveCfg = Release|x86
		{CE9FC617-06F9-4502-94F3-AF53D05D3726}.Release|iPhone.Build.0 = Release|x86
		{CE9FC617-06F9-4502-94F3-AF53D05D3726}.Release|iPhone.Deploy.0 = Release|x86
		{CE9FC617-06F9-4502-94F3-AF53D05D3726}.Release|iPhoneSimulator.ActiveCfg = Release|x86
		{CE9FC617-06F9-4502-94F3-AF53D05D3726}.Release|iPhoneSimulator.Build.0 = Release|x86
		{CE9FC617-06F9-4502-94F3-AF53D05D3726}.Release|iPhoneSimulator.Deploy.0 = Release|x86
		{CE9FC617-06F9-4502-94F3-AF53D05D3726}.Release|x64.ActiveCfg = Release|x64
		{CE9FC617-06F9-4502-94F3-AF53D05D3726}.Release|x64.Build.0 = Release|x64
		{CE9FC617-06F9-4502-94F3-AF53D05D3726}.Release|x64.Deploy.0 = Release|x64
		{CE9FC617-06F9-4502-94F3-AF53D05D3726}.Release|x86.ActiveCfg = Release|x86
		{CE9FC617-06F9-4502-94F3-AF53D05D3726}.Release|x86.Build.0 = Release|x86
		{CE9FC617-06F9-4502-94F3-AF53D05D3726}.Release|x86.Deploy.0 = Release|x86
		{AA541320-AFB6-4679-8CE3-2B5DE84295C8}.Debug|Any CPU.ActiveCfg = Debug|Any CPU
		{AA541320-AFB6-4679-8CE3-2B5DE84295C8}.Debug|Any CPU.Build.0 = Debug|Any CPU
		{AA541320-AFB6-4679-8CE3-2B5DE84295C8}.Debug|Any CPU.Deploy.0 = Debug|Any CPU
		{AA541320-AFB6-4679-8CE3-2B5DE84295C8}.Debug|ARM.ActiveCfg = Debug|Any CPU
		{AA541320-AFB6-4679-8CE3-2B5DE84295C8}.Debug|ARM.Build.0 = Debug|Any CPU
		{AA541320-AFB6-4679-8CE3-2B5DE84295C8}.Debug|ARM.Deploy.0 = Debug|Any CPU
		{AA541320-AFB6-4679-8CE3-2B5DE84295C8}.Debug|iPhone.ActiveCfg = Debug|Any CPU
		{AA541320-AFB6-4679-8CE3-2B5DE84295C8}.Debug|iPhone.Build.0 = Debug|Any CPU
		{AA541320-AFB6-4679-8CE3-2B5DE84295C8}.Debug|iPhone.Deploy.0 = Debug|Any CPU
		{AA541320-AFB6-4679-8CE3-2B5DE84295C8}.Debug|iPhoneSimulator.ActiveCfg = Debug|Any CPU
		{AA541320-AFB6-4679-8CE3-2B5DE84295C8}.Debug|iPhoneSimulator.Build.0 = Debug|Any CPU
		{AA541320-AFB6-4679-8CE3-2B5DE84295C8}.Debug|iPhoneSimulator.Deploy.0 = Debug|Any CPU
		{AA541320-AFB6-4679-8CE3-2B5DE84295C8}.Debug|x64.ActiveCfg = Debug|Any CPU
		{AA541320-AFB6-4679-8CE3-2B5DE84295C8}.Debug|x64.Build.0 = Debug|Any CPU
		{AA541320-AFB6-4679-8CE3-2B5DE84295C8}.Debug|x64.Deploy.0 = Debug|Any CPU
		{AA541320-AFB6-4679-8CE3-2B5DE84295C8}.Debug|x86.ActiveCfg = Debug|Any CPU
		{AA541320-AFB6-4679-8CE3-2B5DE84295C8}.Debug|x86.Build.0 = Debug|Any CPU
		{AA541320-AFB6-4679-8CE3-2B5DE84295C8}.Debug|x86.Deploy.0 = Debug|Any CPU
		{AA541320-AFB6-4679-8CE3-2B5DE84295C8}.Release|Any CPU.ActiveCfg = Release|Any CPU
		{AA541320-AFB6-4679-8CE3-2B5DE84295C8}.Release|Any CPU.Build.0 = Release|Any CPU
		{AA541320-AFB6-4679-8CE3-2B5DE84295C8}.Release|Any CPU.Deploy.0 = Release|Any CPU
		{AA541320-AFB6-4679-8CE3-2B5DE84295C8}.Release|ARM.ActiveCfg = Release|Any CPU
		{AA541320-AFB6-4679-8CE3-2B5DE84295C8}.Release|ARM.Build.0 = Release|Any CPU
		{AA541320-AFB6-4679-8CE3-2B5DE84295C8}.Release|ARM.Deploy.0 = Release|Any CPU
		{AA541320-AFB6-4679-8CE3-2B5DE84295C8}.Release|iPhone.ActiveCfg = Release|Any CPU
		{AA541320-AFB6-4679-8CE3-2B5DE84295C8}.Release|iPhone.Build.0 = Release|Any CPU
		{AA541320-AFB6-4679-8CE3-2B5DE84295C8}.Release|iPhone.Deploy.0 = Release|Any CPU
		{AA541320-AFB6-4679-8CE3-2B5DE84295C8}.Release|iPhoneSimulator.ActiveCfg = Release|Any CPU
		{AA541320-AFB6-4679-8CE3-2B5DE84295C8}.Release|iPhoneSimulator.Build.0 = Release|Any CPU
		{AA541320-AFB6-4679-8CE3-2B5DE84295C8}.Release|iPhoneSimulator.Deploy.0 = Release|Any CPU
		{AA541320-AFB6-4679-8CE3-2B5DE84295C8}.Release|x64.ActiveCfg = Release|Any CPU
		{AA541320-AFB6-4679-8CE3-2B5DE84295C8}.Release|x64.Build.0 = Release|Any CPU
		{AA541320-AFB6-4679-8CE3-2B5DE84295C8}.Release|x64.Deploy.0 = Release|Any CPU
		{AA541320-AFB6-4679-8CE3-2B5DE84295C8}.Release|x86.ActiveCfg = Release|Any CPU
		{AA541320-AFB6-4679-8CE3-2B5DE84295C8}.Release|x86.Build.0 = Release|Any CPU
		{AA541320-AFB6-4679-8CE3-2B5DE84295C8}.Release|x86.Deploy.0 = Release|Any CPU
		{3D728D54-5BE0-4BE1-A560-0B48B1F94697}.Debug|Any CPU.ActiveCfg = Debug|iPhone
		{3D728D54-5BE0-4BE1-A560-0B48B1F94697}.Debug|Any CPU.Build.0 = Debug|iPhone
		{3D728D54-5BE0-4BE1-A560-0B48B1F94697}.Debug|Any CPU.Deploy.0 = Debug|iPhone
		{3D728D54-5BE0-4BE1-A560-0B48B1F94697}.Debug|ARM.ActiveCfg = Debug|iPhone
		{3D728D54-5BE0-4BE1-A560-0B48B1F94697}.Debug|ARM.Build.0 = Debug|iPhone
		{3D728D54-5BE0-4BE1-A560-0B48B1F94697}.Debug|ARM.Deploy.0 = Debug|iPhone
		{3D728D54-5BE0-4BE1-A560-0B48B1F94697}.Debug|iPhone.ActiveCfg = Debug|iPhone
		{3D728D54-5BE0-4BE1-A560-0B48B1F94697}.Debug|iPhone.Build.0 = Debug|iPhone
		{3D728D54-5BE0-4BE1-A560-0B48B1F94697}.Debug|iPhone.Deploy.0 = Debug|iPhone
		{3D728D54-5BE0-4BE1-A560-0B48B1F94697}.Debug|iPhoneSimulator.ActiveCfg = Debug|iPhoneSimulator
		{3D728D54-5BE0-4BE1-A560-0B48B1F94697}.Debug|iPhoneSimulator.Build.0 = Debug|iPhoneSimulator
		{3D728D54-5BE0-4BE1-A560-0B48B1F94697}.Debug|iPhoneSimulator.Deploy.0 = Debug|iPhoneSimulator
		{3D728D54-5BE0-4BE1-A560-0B48B1F94697}.Debug|x64.ActiveCfg = Debug|iPhone
		{3D728D54-5BE0-4BE1-A560-0B48B1F94697}.Debug|x64.Build.0 = Debug|iPhone
		{3D728D54-5BE0-4BE1-A560-0B48B1F94697}.Debug|x64.Deploy.0 = Debug|iPhone
		{3D728D54-5BE0-4BE1-A560-0B48B1F94697}.Debug|x86.ActiveCfg = Debug|iPhone
		{3D728D54-5BE0-4BE1-A560-0B48B1F94697}.Debug|x86.Build.0 = Debug|iPhone
		{3D728D54-5BE0-4BE1-A560-0B48B1F94697}.Debug|x86.Deploy.0 = Debug|iPhone
		{3D728D54-5BE0-4BE1-A560-0B48B1F94697}.Release|Any CPU.ActiveCfg = Release|iPhone
		{3D728D54-5BE0-4BE1-A560-0B48B1F94697}.Release|Any CPU.Build.0 = Release|iPhone
		{3D728D54-5BE0-4BE1-A560-0B48B1F94697}.Release|Any CPU.Deploy.0 = Release|iPhone
		{3D728D54-5BE0-4BE1-A560-0B48B1F94697}.Release|ARM.ActiveCfg = Release|iPhone
		{3D728D54-5BE0-4BE1-A560-0B48B1F94697}.Release|ARM.Build.0 = Release|iPhone
		{3D728D54-5BE0-4BE1-A560-0B48B1F94697}.Release|ARM.Deploy.0 = Release|iPhone
		{3D728D54-5BE0-4BE1-A560-0B48B1F94697}.Release|iPhone.ActiveCfg = Release|iPhone
		{3D728D54-5BE0-4BE1-A560-0B48B1F94697}.Release|iPhone.Build.0 = Release|iPhone
		{3D728D54-5BE0-4BE1-A560-0B48B1F94697}.Release|iPhone.Deploy.0 = Release|iPhone
		{3D728D54-5BE0-4BE1-A560-0B48B1F94697}.Release|iPhoneSimulator.ActiveCfg = Release|iPhoneSimulator
		{3D728D54-5BE0-4BE1-A560-0B48B1F94697}.Release|iPhoneSimulator.Build.0 = Release|iPhoneSimulator
		{3D728D54-5BE0-4BE1-A560-0B48B1F94697}.Release|iPhoneSimulator.Deploy.0 = Release|iPhoneSimulator
		{3D728D54-5BE0-4BE1-A560-0B48B1F94697}.Release|x64.ActiveCfg = Release|iPhone
		{3D728D54-5BE0-4BE1-A560-0B48B1F94697}.Release|x64.Build.0 = Release|iPhone
		{3D728D54-5BE0-4BE1-A560-0B48B1F94697}.Release|x64.Deploy.0 = Release|iPhone
		{3D728D54-5BE0-4BE1-A560-0B48B1F94697}.Release|x86.ActiveCfg = Release|iPhone
		{3D728D54-5BE0-4BE1-A560-0B48B1F94697}.Release|x86.Build.0 = Release|iPhone
		{3D728D54-5BE0-4BE1-A560-0B48B1F94697}.Release|x86.Deploy.0 = Release|iPhone
		{AECB600F-102E-4F3F-B4D3-9096C6BC4D4D}.Debug|Any CPU.ActiveCfg = Debug|Any CPU
		{AECB600F-102E-4F3F-B4D3-9096C6BC4D4D}.Debug|Any CPU.Build.0 = Debug|Any CPU
		{AECB600F-102E-4F3F-B4D3-9096C6BC4D4D}.Debug|Any CPU.Deploy.0 = Debug|Any CPU
		{AECB600F-102E-4F3F-B4D3-9096C6BC4D4D}.Debug|ARM.ActiveCfg = Debug|Any CPU
		{AECB600F-102E-4F3F-B4D3-9096C6BC4D4D}.Debug|ARM.Build.0 = Debug|Any CPU
		{AECB600F-102E-4F3F-B4D3-9096C6BC4D4D}.Debug|ARM.Deploy.0 = Debug|Any CPU
		{AECB600F-102E-4F3F-B4D3-9096C6BC4D4D}.Debug|iPhone.ActiveCfg = Debug|Any CPU
		{AECB600F-102E-4F3F-B4D3-9096C6BC4D4D}.Debug|iPhone.Build.0 = Debug|Any CPU
		{AECB600F-102E-4F3F-B4D3-9096C6BC4D4D}.Debug|iPhone.Deploy.0 = Debug|Any CPU
		{AECB600F-102E-4F3F-B4D3-9096C6BC4D4D}.Debug|iPhoneSimulator.ActiveCfg = Debug|Any CPU
		{AECB600F-102E-4F3F-B4D3-9096C6BC4D4D}.Debug|iPhoneSimulator.Build.0 = Debug|Any CPU
		{AECB600F-102E-4F3F-B4D3-9096C6BC4D4D}.Debug|iPhoneSimulator.Deploy.0 = Debug|Any CPU
		{AECB600F-102E-4F3F-B4D3-9096C6BC4D4D}.Debug|x64.ActiveCfg = Debug|Any CPU
		{AECB600F-102E-4F3F-B4D3-9096C6BC4D4D}.Debug|x64.Build.0 = Debug|Any CPU
		{AECB600F-102E-4F3F-B4D3-9096C6BC4D4D}.Debug|x64.Deploy.0 = Debug|Any CPU
		{AECB600F-102E-4F3F-B4D3-9096C6BC4D4D}.Debug|x86.ActiveCfg = Debug|Any CPU
		{AECB600F-102E-4F3F-B4D3-9096C6BC4D4D}.Debug|x86.Build.0 = Debug|Any CPU
		{AECB600F-102E-4F3F-B4D3-9096C6BC4D4D}.Debug|x86.Deploy.0 = Debug|Any CPU
		{AECB600F-102E-4F3F-B4D3-9096C6BC4D4D}.Release|Any CPU.ActiveCfg = Release|Any CPU
		{AECB600F-102E-4F3F-B4D3-9096C6BC4D4D}.Release|Any CPU.Build.0 = Release|Any CPU
		{AECB600F-102E-4F3F-B4D3-9096C6BC4D4D}.Release|Any CPU.Deploy.0 = Release|Any CPU
		{AECB600F-102E-4F3F-B4D3-9096C6BC4D4D}.Release|ARM.ActiveCfg = Release|Any CPU
		{AECB600F-102E-4F3F-B4D3-9096C6BC4D4D}.Release|ARM.Build.0 = Release|Any CPU
		{AECB600F-102E-4F3F-B4D3-9096C6BC4D4D}.Release|ARM.Deploy.0 = Release|Any CPU
		{AECB600F-102E-4F3F-B4D3-9096C6BC4D4D}.Release|iPhone.ActiveCfg = Release|Any CPU
		{AECB600F-102E-4F3F-B4D3-9096C6BC4D4D}.Release|iPhone.Build.0 = Release|Any CPU
		{AECB600F-102E-4F3F-B4D3-9096C6BC4D4D}.Release|iPhone.Deploy.0 = Release|Any CPU
		{AECB600F-102E-4F3F-B4D3-9096C6BC4D4D}.Release|iPhoneSimulator.ActiveCfg = Release|Any CPU
		{AECB600F-102E-4F3F-B4D3-9096C6BC4D4D}.Release|iPhoneSimulator.Build.0 = Release|Any CPU
		{AECB600F-102E-4F3F-B4D3-9096C6BC4D4D}.Release|iPhoneSimulator.Deploy.0 = Release|Any CPU
		{AECB600F-102E-4F3F-B4D3-9096C6BC4D4D}.Release|x64.ActiveCfg = Release|Any CPU
		{AECB600F-102E-4F3F-B4D3-9096C6BC4D4D}.Release|x64.Build.0 = Release|Any CPU
		{AECB600F-102E-4F3F-B4D3-9096C6BC4D4D}.Release|x64.Deploy.0 = Release|Any CPU
		{AECB600F-102E-4F3F-B4D3-9096C6BC4D4D}.Release|x86.ActiveCfg = Release|Any CPU
		{AECB600F-102E-4F3F-B4D3-9096C6BC4D4D}.Release|x86.Build.0 = Release|Any CPU
		{AECB600F-102E-4F3F-B4D3-9096C6BC4D4D}.Release|x86.Deploy.0 = Release|Any CPU
	EndGlobalSection
	GlobalSection(SolutionProperties) = preSolution
		HideSolutionNode = FALSE
	EndGlobalSection
	GlobalSection(ExtensibilityGlobals) = postSolution
		SolutionGuid = {37735800-0CE4-44C3-84B2-C4259B3D4B3D}
	EndGlobalSection
EndGlobal
